Microsoft Visual Studio Solution File, Format Version 11.00
# Visual Studio 2008

Project("{6CFFC804-4CF3-98F4-52C1-E850B13B2582}") = "Shooty McShooter", "Assembly-CSharp.csproj", "{2F313D25-ACD0-D985-3E19-FCA0602BDB9B}"
EndProject
Global
	GlobalSection(SolutionConfigurationPlatforms) = preSolution
		Debug|Any CPU = Debug|Any CPU
		Release|Any CPU = Release|Any CPU
	EndGlobalSection
	GlobalSection(ProjectConfigurationPlatforms) = postSolution
		{2F313D25-ACD0-D985-3E19-FCA0602BDB9B}.Debug|Any CPU.ActiveCfg = Debug|Any CPU
		{2F313D25-ACD0-D985-3E19-FCA0602BDB9B}.Debug|Any CPU.Build.0 = Debug|Any CPU
		{2F313D25-ACD0-D985-3E19-FCA0602BDB9B}.Release|Any CPU.ActiveCfg = Release|Any CPU
		{2F313D25-ACD0-D985-3E19-FCA0602BDB9B}.Release|Any CPU.Build.0 = Release|Any CPU
	EndGlobalSection
	GlobalSection(SolutionProperties) = preSolution
		HideSolutionNode = FALSE
	EndGlobalSection
	GlobalSection(MonoDevelopProperties) = preSolution
		StartupItem = Assembly-CSharp.csproj
	EndGlobalSection
EndGlobal
